
Microsoft Visual Studio Solution File, Format Version 12.00
# Visual Studio Version 17
VisualStudioVersion = 17.9.34622.214
MinimumVisualStudioVersion = 10.0.40219.1
Project("{FAE04EC0-301F-11D3-BF4B-00C04F79EFBC}") = "EmployeeDirectory", "EmployeeDirectory\EmployeeDirectory.csproj", "{3FA73242-9FE1-4973-9B0D-52A7DE9BEC92}"
EndProject
Project("{FAE04EC0-301F-11D3-BF4B-00C04F79EFBC}") = "DLL", "DLL\DLL.csproj", "{29E625FA-9C11-460D-8D28-E870EBB80482}"
EndProject
Project("{FAE04EC0-301F-11D3-BF4B-00C04F79EFBC}") = "BLL", "BLL\BLL.csproj", "{5BF273D5-A375-4EF9-B0DA-0FD007F8ACCF}"
EndProject
Project("{FAE04EC0-301F-11D3-BF4B-00C04F79EFBC}") = "Entity", "Entity\Entity.csproj", "{8E4D6AFE-F573-4643-8353-CDFEE1E36766}"
EndProject
Global
	GlobalSection(SolutionConfigurationPlatforms) = preSolution
		Debug|Any CPU = Debug|Any CPU
		Release|Any CPU = Release|Any CPU
	EndGlobalSection
	GlobalSection(ProjectConfigurationPlatforms) = postSolution
		{3FA73242-9FE1-4973-9B0D-52A7DE9BEC92}.Debug|Any CPU.ActiveCfg = Debug|Any CPU
		{3FA73242-9FE1-4973-9B0D-52A7DE9BEC92}.Debug|Any CPU.Build.0 = Debug|Any CPU
		{3FA73242-9FE1-4973-9B0D-52A7DE9BEC92}.Release|Any CPU.ActiveCfg = Release|Any CPU
		{3FA73242-9FE1-4973-9B0D-52A7DE9BEC92}.Release|Any CPU.Build.0 = Release|Any CPU
		{29E625FA-9C11-460D-8D28-E870EBB80482}.Debug|Any CPU.ActiveCfg = Debug|Any CPU
		{29E625FA-9C11-460D-8D28-E870EBB80482}.Debug|Any CPU.Build.0 = Debug|Any CPU
		{29E625FA-9C11-460D-8D28-E870EBB80482}.Release|Any CPU.ActiveCfg = Release|Any CPU
		{29E625FA-9C11-460D-8D28-E870EBB80482}.Release|Any CPU.Build.0 = Release|Any CPU
		{5BF273D5-A375-4EF9-B0DA-0FD007F8ACCF}.Debug|Any CPU.ActiveCfg = Debug|Any CPU
		{5BF273D5-A375-4EF9-B0DA-0FD007F8ACCF}.Debug|Any CPU.Build.0 = Debug|Any CPU
		{5BF273D5-A375-4EF9-B0DA-0FD007F8ACCF}.Release|Any CPU.ActiveCfg = Release|Any CPU
		{5BF273D5-A375-4EF9-B0DA-0FD007F8ACCF}.Release|Any CPU.Build.0 = Release|Any CPU
		{8E4D6AFE-F573-4643-8353-CDFEE1E36766}.Debug|Any CPU.ActiveCfg = Debug|Any CPU
		{8E4D6AFE-F573-4643-8353-CDFEE1E36766}.Debug|Any CPU.Build.0 = Debug|Any CPU
		{8E4D6AFE-F573-4643-8353-CDFEE1E36766}.Release|Any CPU.ActiveCfg = Release|Any CPU
		{8E4D6AFE-F573-4643-8353-CDFEE1E36766}.Release|Any CPU.Build.0 = Release|Any CPU
	EndGlobalSection
	GlobalSection(SolutionProperties) = preSolution
		HideSolutionNode = FALSE
	EndGlobalSection
	GlobalSection(ExtensibilityGlobals) = postSolution
		SolutionGuid = {47807FA7-819E-4464-AF5E-130A8E1281D6}
	EndGlobalSection
EndGlobal
